<?xml version="1.0" encoding="utf-8"?>
<Project ToolsVersion="4.0" xmlns="http://schemas.microsoft.com/developer/msbuild/2003">
  <ItemGroup>
    <Filter Include="imgui">
      <UniqueIdentifier>{447101c5-b2ef-4cb8-addd-b9672e728694}</UniqueIdentifier>
    </Filter>
    <Filter Include="engine">
      <UniqueIdentifier>{fd7b7799-9ebe-423e-a0b4-beb85a48b00b}</UniqueIdentifier>
    </Filter>
    <Filter Include="engine\3d">
      <UniqueIdentifier>{20b0100f-75a9-4eff-8ea7-7d6573527bba}</UniqueIdentifier>
    </Filter>
    <Filter Include="engine\Figure">
      <UniqueIdentifier>{8876adc9-e507-405f-aa45-ef1f92bbae77}</UniqueIdentifier>
    </Filter>
    <Filter Include="engine\base">
      <UniqueIdentifier>{574f905d-4242-41ea-bf11-1c4708d97ae3}</UniqueIdentifier>
    </Filter>
    <Filter Include="engine\base\constantBuffer">
      <UniqueIdentifier>{2586de3b-a9b3-48af-8673-5fa59185e7cf}</UniqueIdentifier>
    </Filter>
    <Filter Include="engine\graphicsPipeline">
      <UniqueIdentifier>{0ae6f59c-2c7e-4a17-8144-61b346b0d4ff}</UniqueIdentifier>
    </Filter>
    <Filter Include="engine\math">
      <UniqueIdentifier>{d43ca315-7c93-4f09-8bd7-11aa6e3e6d72}</UniqueIdentifier>
    </Filter>
    <Filter Include="engine\model">
      <UniqueIdentifier>{a7a46f90-25f4-452c-bcb4-331caee956ae}</UniqueIdentifier>
    </Filter>
    <Filter Include="engine\scene">
      <UniqueIdentifier>{a6e1cd55-5481-4792-b29d-7ec4f475fe9b}</UniqueIdentifier>
    </Filter>
    <Filter Include="engine\shader">
      <UniqueIdentifier>{1051ea7a-f4c8-4161-8f7b-3b54fbd78626}</UniqueIdentifier>
    </Filter>
    <Filter Include="Collision">
      <UniqueIdentifier>{98316372-b59a-463e-abb6-3549b091690f}</UniqueIdentifier>
    </Filter>
    <Filter Include="Game">
      <UniqueIdentifier>{91539f47-f81c-4ed7-a8f9-59da0461b29f}</UniqueIdentifier>
    </Filter>
    <Filter Include="Game\Player">
      <UniqueIdentifier>{3a9a2098-b730-438d-8f4e-30e2ceb2011a}</UniqueIdentifier>
    </Filter>
    <Filter Include="GlobalVariables">
      <UniqueIdentifier>{b4c023ea-01f9-4adb-a284-747cc0983bab}</UniqueIdentifier>
    </Filter>
    <Filter Include="Game\FollowCamera">
      <UniqueIdentifier>{a86cadd5-5453-4434-84ee-e1f68c7c8b6f}</UniqueIdentifier>
    </Filter>
    <Filter Include="Collision\ColliderShape">
      <UniqueIdentifier>{919406c5-a45d-4085-b1f4-1a61a25ae5fe}</UniqueIdentifier>
    </Filter>
    <Filter Include="Game\Block">
      <UniqueIdentifier>{9e8912d1-117c-4070-b137-f7037b181ab5}</UniqueIdentifier>
    </Filter>
    <Filter Include="SceneSystem">
      <UniqueIdentifier>{31e7cf76-f61f-4850-b4ba-2d398e6a9444}</UniqueIdentifier>
    </Filter>
    <Filter Include="Game\MapChip">
      <UniqueIdentifier>{bb7b9a56-8481-4278-96ac-55f85e43722a}</UniqueIdentifier>
    </Filter>
    <Filter Include="Game\Background">
      <UniqueIdentifier>{c5169e6a-9dbc-493b-a0de-8796132f125b}</UniqueIdentifier>
    </Filter>
    <Filter Include="Game\Sound">
      <UniqueIdentifier>{d7c451f4-c9b2-478c-86e2-54398080d180}</UniqueIdentifier>
    </Filter>
    <Filter Include="Game\TitleSprites">
      <UniqueIdentifier>{4d375346-5710-458b-96ae-5577856216bb}</UniqueIdentifier>
    </Filter>
    <Filter Include="Game\SelectSprites">
      <UniqueIdentifier>{9d7001a2-3710-489c-b8fd-9d37cd5ee7b7}</UniqueIdentifier>
    </Filter>
    <Filter Include="Ease">
      <UniqueIdentifier>{589284ef-e1ff-4f48-ba8a-5c5c243421ca}</UniqueIdentifier>
    </Filter>
    <Filter Include="Game\ClearSprites">
      <UniqueIdentifier>{0c7fcbb4-df29-466f-97be-d0374923e5f0}</UniqueIdentifier>
    </Filter>
    <Filter Include="Game\StageData">
      <UniqueIdentifier>{b1f32f1c-d0ad-4236-85fc-b69b9b86d373}</UniqueIdentifier>
    </Filter>
    <Filter Include="Game\Goal">
      <UniqueIdentifier>{2a9e1cce-2d5c-43e7-85fd-2db0e10a3225}</UniqueIdentifier>
    </Filter>
    <Filter Include="Game\Nedle">
      <UniqueIdentifier>{b13b3ddc-2066-4893-b740-81d4f4467ad5}</UniqueIdentifier>
    </Filter>
    <Filter Include="Game\Item">
      <UniqueIdentifier>{37e60a52-afca-4be8-8e7a-07035de98e83}</UniqueIdentifier>
    </Filter>
    <Filter Include="Game\Pause">
      <UniqueIdentifier>{e7602f8d-66b8-42b4-9985-118caab20398}</UniqueIdentifier>
    </Filter>
    <Filter Include="Game\Timer">
      <UniqueIdentifier>{ad181e1f-c5ca-47c5-ae44-705c17d9532f}</UniqueIdentifier>
    </Filter>
    <Filter Include="Game\StageUI">
      <UniqueIdentifier>{37d6d902-329f-4fde-b173-f8d9c38df4eb}</UniqueIdentifier>
    </Filter>
    <Filter Include="Game\StageBanner">
      <UniqueIdentifier>{c6ada915-40c0-4267-b5b7-60608e2c90d9}</UniqueIdentifier>
    </Filter>
  </ItemGroup>
  <ItemGroup>
    <ClCompile Include="externals\imgui\imgui.cpp">
      <Filter>imgui</Filter>
    </ClCompile>
    <ClCompile Include="externals\imgui\imgui_demo.cpp">
      <Filter>imgui</Filter>
    </ClCompile>
    <ClCompile Include="externals\imgui\imgui_draw.cpp">
      <Filter>imgui</Filter>
    </ClCompile>
    <ClCompile Include="externals\imgui\imgui_impl_dx12.cpp">
      <Filter>imgui</Filter>
    </ClCompile>
    <ClCompile Include="externals\imgui\imgui_impl_win32.cpp">
      <Filter>imgui</Filter>
    </ClCompile>
    <ClCompile Include="externals\imgui\imgui_tables.cpp">
      <Filter>imgui</Filter>
    </ClCompile>
    <ClCompile Include="externals\imgui\imgui_widgets.cpp">
      <Filter>imgui</Filter>
    </ClCompile>
    <ClCompile Include="Engine\BasicGraphicsPipline.cpp">
      <Filter>engine\graphicsPipeline</Filter>
    </ClCompile>
    <ClCompile Include="Engine\LineGraphicsPipline.cpp">
      <Filter>engine\graphicsPipeline</Filter>
    </ClCompile>
    <ClCompile Include="Engine\PeraGraphicsPipeline.cpp">
      <Filter>engine\graphicsPipeline</Filter>
    </ClCompile>
    <ClCompile Include="Engine\SpriteGraphicsPipline.cpp">
      <Filter>engine\graphicsPipeline</Filter>
    </ClCompile>
    <ClCompile Include="Engine\ToonGraphicsPipline.cpp">
      <Filter>engine\graphicsPipeline</Filter>
    </ClCompile>
    <ClCompile Include="Engine\Audio.cpp">
      <Filter>engine\base</Filter>
    </ClCompile>
    <ClCompile Include="Engine\ConvertString.cpp">
      <Filter>engine\base</Filter>
    </ClCompile>
    <ClCompile Include="Engine\DebugCamera.cpp">
      <Filter>engine\base</Filter>
    </ClCompile>
    <ClCompile Include="Engine\DirectXCommon.cpp">
      <Filter>engine\base</Filter>
    </ClCompile>
    <ClCompile Include="Engine\ImGuiManager.cpp">
      <Filter>engine\base</Filter>
    </ClCompile>
    <ClCompile Include="Engine\TextureManager.cpp">
      <Filter>engine\base</Filter>
    </ClCompile>
    <ClCompile Include="Engine\WinApp.cpp">
      <Filter>engine\base</Filter>
    </ClCompile>
    <ClCompile Include="Engine\ViewProjection.cpp">
      <Filter>engine\3d</Filter>
    </ClCompile>
    <ClCompile Include="Engine\WorldTransform.cpp">
      <Filter>engine\3d</Filter>
    </ClCompile>
    <ClCompile Include="Engine\Model.cpp">
      <Filter>engine\model</Filter>
    </ClCompile>
    <ClCompile Include="Engine\Mesh.cpp">
      <Filter>engine\model</Filter>
    </ClCompile>
    <ClCompile Include="Engine\Sprite.cpp">
      <Filter>engine\Figure</Filter>
    </ClCompile>
    <ClCompile Include="Engine\SphereRenderer.cpp">
      <Filter>engine\Figure</Filter>
    </ClCompile>
    <ClCompile Include="Engine\PlaneRenderer.cpp">
      <Filter>engine\Figure</Filter>
    </ClCompile>
    <ClCompile Include="Engine\CubeRenderer.cpp">
      <Filter>engine\Figure</Filter>
    </ClCompile>
    <ClCompile Include="Engine\OBJ.cpp">
      <Filter>engine\base</Filter>
    </ClCompile>
    <ClCompile Include="Engine\VertexBuffer.cpp">
      <Filter>engine\base</Filter>
    </ClCompile>
    <ClCompile Include="Engine\PrimitiveDrawer.cpp">
      <Filter>engine\base</Filter>
    </ClCompile>
    <ClCompile Include="Engine\Material.cpp">
      <Filter>engine\math</Filter>
    </ClCompile>
    <ClCompile Include="Engine\Matrix4x4.cpp">
      <Filter>engine\math</Filter>
    </ClCompile>
    <ClCompile Include="Engine\MyMath.cpp">
      <Filter>engine\math</Filter>
    </ClCompile>
    <ClCompile Include="GameScene.cpp">
      <Filter>engine\scene</Filter>
    </ClCompile>
    <ClCompile Include="ModelManager.cpp" />
    <ClCompile Include="main.cpp" />
    <ClCompile Include="Engine\Input.cpp">
      <Filter>engine\base</Filter>
    </ClCompile>
    <ClCompile Include="Engine\Draw.cpp">
      <Filter>engine\base</Filter>
    </ClCompile>
    <ClCompile Include="Engine\ShaderCompiler.cpp">
      <Filter>engine\base</Filter>
    </ClCompile>
    <ClCompile Include="Engine\PostEffectPipeline.cpp">
      <Filter>engine\graphicsPipeline</Filter>
    </ClCompile>
    <ClCompile Include="Game\Player\Player.cpp">
      <Filter>Game\Player</Filter>
    </ClCompile>
    <ClCompile Include="GlobalVariables\GlobalVariables.cpp">
      <Filter>GlobalVariables</Filter>
    </ClCompile>
    <ClCompile Include="Game\FollowCamera\FollowCamera.cpp">
      <Filter>Game\FollowCamera</Filter>
    </ClCompile>
    <ClCompile Include="Collision\BaseColliderShapeType.cpp">
      <Filter>Collision</Filter>
    </ClCompile>
    <ClCompile Include="Collision\Collider.cpp">
      <Filter>Collision</Filter>
    </ClCompile>
    <ClCompile Include="Collision\CollisionManager.cpp">
      <Filter>Collision</Filter>
    </ClCompile>
    <ClCompile Include="Collision\ColliderShapes\ColliderShapeMapChip2D.cpp">
      <Filter>Collision\ColliderShape</Filter>
    </ClCompile>
    <ClCompile Include="Collision\ColliderShapes\ColliderShapeBox2D.cpp">
      <Filter>Collision\ColliderShape</Filter>
    </ClCompile>
    <ClCompile Include="Game\Block\Block.cpp">
      <Filter>Game\Block</Filter>
    </ClCompile>
    <ClCompile Include="SceneSystem\ClearScene\ClearScene.cpp">
      <Filter>SceneSystem</Filter>
    </ClCompile>
    <ClCompile Include="SceneSystem\IScene\IScene.cpp">
      <Filter>SceneSystem</Filter>
    </ClCompile>
    <ClCompile Include="SceneSystem\SceneManager\SceneManager.cpp">
      <Filter>SceneSystem</Filter>
    </ClCompile>
    <ClCompile Include="SceneSystem\StageScene\StageScene.cpp">
      <Filter>SceneSystem</Filter>
    </ClCompile>
    <ClCompile Include="SceneSystem\TitleScene\TitleScene.cpp">
      <Filter>SceneSystem</Filter>
    </ClCompile>
    <ClCompile Include="SceneSystem\SelectScene\SelectScene.cpp">
      <Filter>SceneSystem</Filter>
    </ClCompile>
    <ClCompile Include="Engine\ParticleGraphicsPipline.cpp">
      <Filter>engine\graphicsPipeline</Filter>
    </ClCompile>
    <ClCompile Include="Engine\Particle.cpp">
      <Filter>engine\base</Filter>
    </ClCompile>
    <ClCompile Include="Engine\ParticleManager.cpp">
      <Filter>engine\base</Filter>
    </ClCompile>
    <ClCompile Include="Engine\PostEffectPipeline.cpp">
      <Filter>engine\graphicsPipeline</Filter>
    </ClCompile>
    <ClCompile Include="Engine\PostBloomPipeline.cpp">
      <Filter>engine\graphicsPipeline</Filter>
    </ClCompile>
    <ClCompile Include="Engine\VerticalBlurPipeline.cpp">
      <Filter>engine\graphicsPipeline</Filter>
    </ClCompile>
    <ClCompile Include="Engine\BloomPipeline.cpp">
      <Filter>engine\graphicsPipeline</Filter>
    </ClCompile>
    <ClCompile Include="Engine\HorizontalBlurPipeline.cpp">
      <Filter>engine\graphicsPipeline</Filter>
    </ClCompile>
    <ClCompile Include="Engine\Bloom.cpp">
      <Filter>engine\base</Filter>
    </ClCompile>
    <ClCompile Include="Engine\GaussianBlur.cpp">
      <Filter>engine\base</Filter>
    </ClCompile>
    <ClCompile Include="Engine\PostEffect.cpp">
      <Filter>engine\base</Filter>
    </ClCompile>
    <ClCompile Include="MapChip.cpp">
      <Filter>Game\MapChip</Filter>
    </ClCompile>
    <ClCompile Include="MapChipEditor.cpp">
      <Filter>Game\MapChip</Filter>
    </ClCompile>
    <ClCompile Include="Game\Background\Background.cpp">
      <Filter>Game\Background</Filter>
    </ClCompile>
    <ClCompile Include="Engine\MapChipGraphicsPipeline.cpp">
      <Filter>engine\graphicsPipeline</Filter>
    </ClCompile>
    <ClCompile Include="Game\Sound\SoundManager.cpp">
      <Filter>Game\Sound</Filter>
    </ClCompile>
    <ClCompile Include="Game\TitleSprites\TitleSprites.cpp">
      <Filter>Game\TitleSprites</Filter>
    </ClCompile>
    <ClCompile Include="Game\SelectSprites\SelectSprites.cpp">
      <Filter>Game\SelectSprites</Filter>
    </ClCompile>
    <ClCompile Include="Ease\Ease.cpp">
      <Filter>Ease</Filter>
    </ClCompile>
    <ClCompile Include="Game\ClearSprites\ClearSprites.cpp">
      <Filter>Game\ClearSprites</Filter>
    </ClCompile>
    <ClCompile Include="Game\StageData\StageData.cpp">
      <Filter>Game\StageData</Filter>
    </ClCompile>
    <ClCompile Include="Game\Goal\Goal.cpp">
      <Filter>Game\Goal</Filter>
    </ClCompile>
    <ClCompile Include="SceneSystem\SceneChange\SceneChange.cpp">
      <Filter>SceneSystem</Filter>
    </ClCompile>
    <ClCompile Include="Engine\BlockWorldTransform.cpp">
      <Filter>engine\3d</Filter>
    </ClCompile>
    <ClCompile Include="Game\Item\Item.cpp">
      <Filter>Game\Item</Filter>
    </ClCompile>
    <ClCompile Include="Game\Pause\Pause.cpp">
      <Filter>Game\Pause</Filter>
    </ClCompile>
    <ClCompile Include="Game\Nedle\Needle.cpp">
      <Filter>Game\Nedle</Filter>
    </ClCompile>
    <ClCompile Include="Game\Timer\Timer.cpp">
      <Filter>Game\Timer</Filter>
    </ClCompile>
    <ClCompile Include="Game\StageUI\StageUI.cpp">
      <Filter>Game\StageUI</Filter>
    </ClCompile>
    <ClCompile Include="Engine\ParticleUIGraphicsPipeline.cpp">
      <Filter>engine\graphicsPipeline</Filter>
    </ClCompile>
    <ClCompile Include="Engine\ParticleUIManager.cpp">
      <Filter>engine\base</Filter>
    </ClCompile>
    <ClCompile Include="Engine\ParticleUI.cpp">
      <Filter>engine\base</Filter>
    </ClCompile>
    <ClCompile Include="Game\StageBanner\StageBanner.cpp" />
  </ItemGroup>
  <ItemGroup>
    <ClInclude Include="externals\imgui\imconfig.h">
      <Filter>imgui</Filter>
    </ClInclude>
    <ClInclude Include="externals\imgui\imgui.h">
      <Filter>imgui</Filter>
    </ClInclude>
    <ClInclude Include="externals\imgui\imgui_impl_dx12.h">
      <Filter>imgui</Filter>
    </ClInclude>
    <ClInclude Include="externals\imgui\imgui_impl_win32.h">
      <Filter>imgui</Filter>
    </ClInclude>
    <ClInclude Include="externals\imgui\imgui_internal.h">
      <Filter>imgui</Filter>
    </ClInclude>
    <ClInclude Include="externals\imgui\imstb_rectpack.h">
      <Filter>imgui</Filter>
    </ClInclude>
    <ClInclude Include="externals\imgui\imstb_textedit.h">
      <Filter>imgui</Filter>
    </ClInclude>
    <ClInclude Include="externals\imgui\imstb_truetype.h">
      <Filter>imgui</Filter>
    </ClInclude>
    <ClInclude Include="Engine\BasicGraphicsPipline.h">
      <Filter>engine\graphicsPipeline</Filter>
    </ClInclude>
    <ClInclude Include="Engine\PeraGraphicsPipeline.h">
      <Filter>engine\graphicsPipeline</Filter>
    </ClInclude>
    <ClInclude Include="Engine\SpriteGraphicsPipline.h">
      <Filter>engine\graphicsPipeline</Filter>
    </ClInclude>
    <ClInclude Include="Engine\ToonGraphicsPipline.h">
      <Filter>engine\graphicsPipeline</Filter>
    </ClInclude>
    <ClInclude Include="Engine\cDirectionalLight.h">
      <Filter>engine\base\constantBuffer</Filter>
    </ClInclude>
    <ClInclude Include="Engine\cVertexPos.h">
      <Filter>engine\base\constantBuffer</Filter>
    </ClInclude>
    <ClInclude Include="Engine\Audio.h">
      <Filter>engine\base</Filter>
    </ClInclude>
    <ClInclude Include="Engine\ImGuiManager.h">
      <Filter>engine\base</Filter>
    </ClInclude>
    <ClInclude Include="Engine\DirectXCommon.h">
      <Filter>engine\base</Filter>
    </ClInclude>
    <ClInclude Include="Engine\DebugCamera.h">
      <Filter>engine\base</Filter>
    </ClInclude>
    <ClInclude Include="Engine\ConvertString.h">
      <Filter>engine\base</Filter>
    </ClInclude>
    <ClInclude Include="Engine\PrimitiveDrawer.h">
      <Filter>engine\base</Filter>
    </ClInclude>
    <ClInclude Include="Engine\SafeDelete.h">
      <Filter>engine\base</Filter>
    </ClInclude>
    <ClInclude Include="Engine\TextureManager.h">
      <Filter>engine\base</Filter>
    </ClInclude>
    <ClInclude Include="Engine\OBJ.h">
      <Filter>engine\base</Filter>
    </ClInclude>
    <ClInclude Include="Engine\WinApp.h">
      <Filter>engine\base</Filter>
    </ClInclude>
    <ClInclude Include="Engine\VertexBuffer.h">
      <Filter>engine\base</Filter>
    </ClInclude>
    <ClInclude Include="Engine\WorldTransform.h">
      <Filter>engine\3d</Filter>
    </ClInclude>
    <ClInclude Include="Engine\ViewProjection.h">
      <Filter>engine\3d</Filter>
    </ClInclude>
    <ClInclude Include="Engine\cMaterial.h">
      <Filter>engine\base\constantBuffer</Filter>
    </ClInclude>
    <ClInclude Include="Engine\AABB.h">
      <Filter>engine\math</Filter>
    </ClInclude>
    <ClInclude Include="Engine\Vector4.h">
      <Filter>engine\math</Filter>
    </ClInclude>
    <ClInclude Include="Engine\Vector3.h">
      <Filter>engine\math</Filter>
    </ClInclude>
    <ClInclude Include="Engine\Vector2.h">
      <Filter>engine\math</Filter>
    </ClInclude>
    <ClInclude Include="Engine\MyMath.h">
      <Filter>engine\math</Filter>
    </ClInclude>
    <ClInclude Include="Engine\Matrix4x4.h">
      <Filter>engine\math</Filter>
    </ClInclude>
    <ClInclude Include="Engine\SphereRenderer.h">
      <Filter>engine\Figure</Filter>
    </ClInclude>
    <ClInclude Include="Engine\PlaneRenderer.h">
      <Filter>engine\Figure</Filter>
    </ClInclude>
    <ClInclude Include="Engine\CubeRenderer.h">
      <Filter>engine\Figure</Filter>
    </ClInclude>
    <ClInclude Include="Engine\Sprite.h">
      <Filter>engine\math</Filter>
    </ClInclude>
    <ClInclude Include="Engine\OBB.h">
      <Filter>engine\math</Filter>
    </ClInclude>
    <ClInclude Include="Engine\Line.h">
      <Filter>engine\math</Filter>
    </ClInclude>
    <ClInclude Include="Engine\Plane.h">
      <Filter>engine\math</Filter>
    </ClInclude>
    <ClInclude Include="Engine\Sphere.h">
      <Filter>engine\math</Filter>
    </ClInclude>
    <ClInclude Include="Engine\Model.h">
      <Filter>engine\model</Filter>
    </ClInclude>
    <ClInclude Include="Engine\Mesh.h">
      <Filter>engine\model</Filter>
    </ClInclude>
    <ClInclude Include="Engine\Material.h">
      <Filter>engine\model</Filter>
    </ClInclude>
    <ClInclude Include="Engine\LineGraphicsPipline.h">
      <Filter>engine\graphicsPipeline</Filter>
    </ClInclude>
    <ClInclude Include="GameScene.h">
      <Filter>engine\scene</Filter>
    </ClInclude>
    <ClInclude Include="ModelManager.h" />
    <ClInclude Include="Engine\Draw.h">
      <Filter>engine\base</Filter>
    </ClInclude>
    <ClInclude Include="Engine\Input.h">
      <Filter>engine\base</Filter>
    </ClInclude>
    <ClInclude Include="Engine\Triangle.h">
      <Filter>engine\math</Filter>
    </ClInclude>
    <ClInclude Include="Engine\ShaderCompiler.h">
      <Filter>engine\base</Filter>
    </ClInclude>
    <ClInclude Include="Engine\PostEffectPipeline.h">
      <Filter>engine\graphicsPipeline</Filter>
    </ClInclude>
    <ClInclude Include="Game\Player\Player.h">
      <Filter>Game\Player</Filter>
    </ClInclude>
    <ClInclude Include="GlobalVariables\GlobalVariables.h">
      <Filter>GlobalVariables</Filter>
    </ClInclude>
    <ClInclude Include="Game\FollowCamera\FollowCamera.h">
      <Filter>Game\FollowCamera</Filter>
    </ClInclude>
    <ClInclude Include="Collision\BaseColliderShapeType.h">
      <Filter>Collision</Filter>
    </ClInclude>
    <ClInclude Include="Collision\Collider.h">
      <Filter>Collision</Filter>
    </ClInclude>
    <ClInclude Include="Collision\CollisionConfig.h">
      <Filter>Collision</Filter>
    </ClInclude>
    <ClInclude Include="Collision\CollisionManager.h">
      <Filter>Collision</Filter>
    </ClInclude>
    <ClInclude Include="Collision\ColliderShapes\ColliderShapeBox2D.h">
      <Filter>Collision\ColliderShape</Filter>
    </ClInclude>
    <ClInclude Include="Collision\ColliderShapes\ColliderShapeMapChip2D.h">
      <Filter>Collision\ColliderShape</Filter>
    </ClInclude>
    <ClInclude Include="Game\Block\Block.h">
      <Filter>Game\Block</Filter>
    </ClInclude>
    <ClInclude Include="SceneSystem\ClearScene\ClearScene.h">
      <Filter>SceneSystem</Filter>
    </ClInclude>
    <ClInclude Include="SceneSystem\IScene\IScene.h">
      <Filter>SceneSystem</Filter>
    </ClInclude>
    <ClInclude Include="SceneSystem\SceneManager\SceneManager.h">
      <Filter>SceneSystem</Filter>
    </ClInclude>
    <ClInclude Include="SceneSystem\StageScene\StageScene.h">
      <Filter>SceneSystem</Filter>
    </ClInclude>
    <ClInclude Include="SceneSystem\TitleScene\TitleScene.h">
      <Filter>SceneSystem</Filter>
    </ClInclude>
    <ClInclude Include="Engine\ResourceLeakChecker.h">
      <Filter>engine</Filter>
    </ClInclude>
    <ClInclude Include="SceneSystem\SelectScene\SelectScene.h">
      <Filter>SceneSystem</Filter>
    </ClInclude>
    <ClInclude Include="Engine\Random.h">
      <Filter>engine\math</Filter>
    </ClInclude>
    <ClInclude Include="Engine\ParticleGraphicsPipline.h">
      <Filter>engine\graphicsPipeline</Filter>
    </ClInclude>
    <ClInclude Include="Engine\Particle.h">
      <Filter>engine\base</Filter>
    </ClInclude>
    <ClInclude Include="Engine\ParticleManager.h">
      <Filter>engine\base</Filter>
    </ClInclude>
    <ClInclude Include="Engine\ParticleShaderStruct.h">
      <Filter>engine\base</Filter>
    </ClInclude>
    <ClInclude Include="Engine\cBuffer.h">
      <Filter>engine\base\constantBuffer</Filter>
    </ClInclude>
    <ClInclude Include="Engine\PostBloomPipeline.h">
      <Filter>engine\graphicsPipeline</Filter>
    </ClInclude>
    <ClInclude Include="Engine\PostEffectPipeline.h">
      <Filter>engine\graphicsPipeline</Filter>
    </ClInclude>
    <ClInclude Include="Engine\VerticalBlurPipeline.h">
      <Filter>engine\graphicsPipeline</Filter>
    </ClInclude>
    <ClInclude Include="Engine\BloomPipeline.h">
      <Filter>engine\graphicsPipeline</Filter>
    </ClInclude>
    <ClInclude Include="Engine\HorizontalBlurPipeline.h">
      <Filter>engine\graphicsPipeline</Filter>
    </ClInclude>
    <ClInclude Include="Engine\PostEffect.h">
      <Filter>engine\base</Filter>
    </ClInclude>
    <ClInclude Include="Engine\Bloom.h">
      <Filter>engine\base</Filter>
    </ClInclude>
    <ClInclude Include="Engine\GaussianBlur.h">
      <Filter>engine\base</Filter>
    </ClInclude>
    <ClInclude Include="MapChip.h">
      <Filter>Game\MapChip</Filter>
    </ClInclude>
    <ClInclude Include="MapChipEditor.h">
      <Filter>Game\MapChip</Filter>
    </ClInclude>
    <ClInclude Include="Game\Background\Background.h">
      <Filter>Game\Background</Filter>
    </ClInclude>
    <ClInclude Include="Engine\MapChipGraphicsPipeline.h">
      <Filter>engine\graphicsPipeline</Filter>
    </ClInclude>
    <ClInclude Include="Game\Sound\SoundManager.h">
      <Filter>Game\Sound</Filter>
    </ClInclude>
    <ClInclude Include="Game\TitleSprites\TitleSprites.h">
      <Filter>Game\TitleSprites</Filter>
    </ClInclude>
    <ClInclude Include="Game\SelectSprites\SelectSprites.h">
      <Filter>Game\SelectSprites</Filter>
    </ClInclude>
    <ClInclude Include="Ease\Ease.h">
      <Filter>Ease</Filter>
    </ClInclude>
    <ClInclude Include="Game\ClearSprites\ClearSprites.h">
      <Filter>Game\ClearSprites</Filter>
    </ClInclude>
    <ClInclude Include="Game\StageData\StageData.h">
      <Filter>Game\StageData</Filter>
    </ClInclude>
    <ClInclude Include="Game\Goal\Goal.h">
      <Filter>Game\Goal</Filter>
    </ClInclude>
    <ClInclude Include="SceneSystem\SceneChange\SceneChange.h">
      <Filter>SceneSystem</Filter>
    </ClInclude>
    <ClInclude Include="Engine\BlockWorldTransform.h">
      <Filter>engine\3d</Filter>
    </ClInclude>
    <ClInclude Include="Game\Item\Item.h">
      <Filter>Game\Item</Filter>
    </ClInclude>
    <ClInclude Include="Game\Pause\Pause.h">
      <Filter>Game\Pause</Filter>
    </ClInclude>
    <ClInclude Include="Game\Nedle\Needle.h">
      <Filter>Game\Nedle</Filter>
    </ClInclude>
    <ClInclude Include="Game\Timer\Timer.h">
      <Filter>Game\Timer</Filter>
    </ClInclude>
    <ClInclude Include="Game\StageUI\StageUI.h">
      <Filter>Game\StageUI</Filter>
    </ClInclude>
    <ClInclude Include="Engine\ParticleUIGraphicsPipeline.h">
      <Filter>engine\graphicsPipeline</Filter>
    </ClInclude>
    <ClInclude Include="Engine\ParticleUIManager.h">
      <Filter>engine\base</Filter>
    </ClInclude>
    <ClInclude Include="Engine\ParticleUI.h">
      <Filter>engine\base</Filter>
    </ClInclude>
    <ClInclude Include="Game\StageBanner\StageBanner.h" />
  </ItemGroup>
  <ItemGroup>
    <Text Include="externals\imgui\LICENSE.txt">
      <Filter>imgui</Filter>
    </Text>
  </ItemGroup>
  <ItemGroup>
    <None Include="Resources\Shaders\Basic.hlsli">
      <Filter>engine\shader</Filter>
    </None>
    <None Include="Resources\Shaders\Bloom.hlsli">
      <Filter>engine\shader</Filter>
    </None>
    <None Include="Resources\Shaders\HorizontalBlur.hlsli">
      <Filter>engine\shader</Filter>
    </None>
    <None Include="Resources\Shaders\Lighting.hlsli">
      <Filter>engine\shader</Filter>
    </None>
    <None Include="Resources\Shaders\Line.hlsli">
      <Filter>engine\shader</Filter>
    </None>
    <None Include="Resources\Shaders\OBJ.hlsli">
      <Filter>engine\shader</Filter>
    </None>
    <None Include="Resources\Shaders\Particle.hlsli">
      <Filter>engine\shader</Filter>
    </None>
    <None Include="Resources\Shaders\Pera.hlsli">
      <Filter>engine\shader</Filter>
    </None>
    <None Include="Resources\Shaders\Sprite.hlsli">
      <Filter>engine\shader</Filter>
    </None>
    <None Include="Resources\Shaders\Triangle.hlsli">
      <Filter>engine\shader</Filter>
    </None>
    <None Include="Resources\Shaders\VertexShaderOutput.hlsli">
      <Filter>engine\shader</Filter>
    </None>
    <None Include="Resources\Shaders\VerticalBlur.hlsli">
      <Filter>engine\shader</Filter>
    </None>
    <None Include="Resources\Shaders\MapChip.hlsli">
      <Filter>engine\shader</Filter>
    </None>
    <None Include=".editorconfig" />
    <None Include="Resources\Shaders\ParticleUI.hlsli">
      <Filter>engine\shader</Filter>
    </None>
  </ItemGroup>
  <ItemGroup>
    <FxCompile Include="Resources\Shaders\Basic.PS.hlsl">
      <Filter>engine\shader</Filter>
    </FxCompile>
    <FxCompile Include="Resources\Shaders\Basic.VS.hlsl">
      <Filter>engine\shader</Filter>
    </FxCompile>
    <FxCompile Include="Resources\Shaders\Bloom.PS.hlsl">
      <Filter>engine\shader</Filter>
    </FxCompile>
    <FxCompile Include="Resources\Shaders\Bloom.VS.hlsl">
      <Filter>engine\shader</Filter>
    </FxCompile>
    <FxCompile Include="Resources\Shaders\HorizontalBlur.PS.hlsl">
      <Filter>engine\shader</Filter>
    </FxCompile>
    <FxCompile Include="Resources\Shaders\HorizontalBlur.VS.hlsl">
      <Filter>engine\shader</Filter>
    </FxCompile>
    <FxCompile Include="Resources\Shaders\Lighting.PS.hlsl">
      <Filter>engine\shader</Filter>
    </FxCompile>
    <FxCompile Include="Resources\Shaders\Lighting.VS.hlsl">
      <Filter>engine\shader</Filter>
    </FxCompile>
    <FxCompile Include="Resources\Shaders\Line.PS.hlsl">
      <Filter>engine\shader</Filter>
    </FxCompile>
    <FxCompile Include="Resources\Shaders\Line.VS.hlsl">
      <Filter>engine\shader</Filter>
    </FxCompile>
    <FxCompile Include="Resources\Shaders\OBJ.PS.hlsl">
      <Filter>engine\shader</Filter>
    </FxCompile>
    <FxCompile Include="Resources\Shaders\OBJ.VS.hlsl">
      <Filter>engine\shader</Filter>
    </FxCompile>
    <FxCompile Include="Resources\Shaders\Particle.PS.hlsl">
      <Filter>engine\shader</Filter>
    </FxCompile>
    <FxCompile Include="Resources\Shaders\Particle.VS.hlsl">
      <Filter>engine\shader</Filter>
    </FxCompile>
    <FxCompile Include="Resources\Shaders\Pera.PS.hlsl">
      <Filter>engine\shader</Filter>
    </FxCompile>
    <FxCompile Include="Resources\Shaders\Pera.VS.hlsl">
      <Filter>engine\shader</Filter>
    </FxCompile>
    <FxCompile Include="Resources\Shaders\PostEffect.PS.hlsl">
      <Filter>engine\shader</Filter>
    </FxCompile>
    <FxCompile Include="Resources\Shaders\PostEffect.VS.hlsl">
      <Filter>engine\shader</Filter>
    </FxCompile>
    <FxCompile Include="Resources\Shaders\PostBloom.PS.hlsl">
      <Filter>engine\shader</Filter>
    </FxCompile>
    <FxCompile Include="Resources\Shaders\PostBloom.VS.hlsl">
      <Filter>engine\shader</Filter>
    </FxCompile>
    <FxCompile Include="Resources\Shaders\Sprite.PS.hlsl">
      <Filter>engine\shader</Filter>
    </FxCompile>
    <FxCompile Include="Resources\Shaders\Sprite.VS.hlsl">
      <Filter>engine\shader</Filter>
    </FxCompile>
    <FxCompile Include="Resources\Shaders\Toon.PS.hlsl">
      <Filter>engine\shader</Filter>
    </FxCompile>
    <FxCompile Include="Resources\Shaders\Toon.VS.hlsl">
      <Filter>engine\shader</Filter>
    </FxCompile>
    <FxCompile Include="Resources\Shaders\VerticalBlur.PS.hlsl">
      <Filter>engine\shader</Filter>
    </FxCompile>
    <FxCompile Include="Resources\Shaders\VerticalBlur.VS.hlsl">
      <Filter>engine\shader</Filter>
    </FxCompile>
    <FxCompile Include="Resources\Shaders\MapChip.PS.hlsl">
      <Filter>engine\shader</Filter>
    </FxCompile>
    <FxCompile Include="Resources\Shaders\MapChip.VS.hlsl">
      <Filter>engine\shader</Filter>
    </FxCompile>
    <FxCompile Include="Resources\Shaders\ParticleUI.PS.hlsl">
      <Filter>engine\shader</Filter>
    </FxCompile>
    <FxCompile Include="Resources\Shaders\ParticleUI.VS.hlsl">
      <Filter>engine\shader</Filter>
    </FxCompile>
  </ItemGroup>
</Project>